
Microsoft Visual Studio Solution File, Format Version 12.00
# Visual Studio Version 16
VisualStudioVersion = 16.0.30320.27
MinimumVisualStudioVersion = 10.0.40219.1
Project("{FAE04EC0-301F-11D3-BF4B-00C04F79EFBC}") = "MediatRDemonstration", "MediatRDemonstration\MediatRDemonstration.csproj", "{A611C3F1-D983-4CB5-B4C9-5FBD1E55F754}"
EndProject
Global
	GlobalSection(SolutionConfigurationPlatforms) = preSolution
		Debug|Any CPU = Debug|Any CPU
		Release|Any CPU = Release|Any CPU
	EndGlobalSection
	GlobalSection(ProjectConfigurationPlatforms) = postSolution
		{A611C3F1-D983-4CB5-B4C9-5FBD1E55F754}.Debug|Any CPU.ActiveCfg = Debug|Any CPU
		{A611C3F1-D983-4CB5-B4C9-5FBD1E55F754}.Debug|Any CPU.Build.0 = Debug|Any CPU
		{A611C3F1-D983-4CB5-B4C9-5FBD1E55F754}.Release|Any CPU.ActiveCfg = Release|Any CPU
		{A611C3F1-D983-4CB5-B4C9-5FBD1E55F754}.Release|Any CPU.Build.0 = Release|Any CPU
	EndGlobalSection
	GlobalSection(SolutionProperties) = preSolution
		HideSolutionNode = FALSE
	EndGlobalSection
	GlobalSection(ExtensibilityGlobals) = postSolution
		SolutionGuid = {E17F759A-3F7C-4E85-9103-3C669C7E1EDF}
	EndGlobalSection
EndGlobal
